<?xml version="1.0" encoding="utf-8"?>
<Project ToolsVersion="4.0" xmlns="http://schemas.microsoft.com/developer/msbuild/2003">
  <ItemGroup>
    <Filter Include="Исходные файлы">
      <UniqueIdentifier>{4FC737F1-C7A5-4376-A066-2A32D752A2FF}</UniqueIdentifier>
      <Extensions>cpp;c;cc;cxx;c++;cppm;ixx;def;odl;idl;hpj;bat;asm;asmx</Extensions>
    </Filter>
    <Filter Include="Файлы ресурсов">
      <UniqueIdentifier>{67DA6AB6-F800-4c08-8B7A-83BB121AAD01}</UniqueIdentifier>
      <Extensions>rc;ico;cur;bmp;dlg;rc2;rct;bin;rgs;gif;jpg;jpeg;jpe;resx;tiff;tif;png;wav;mfcribbon-ms</Extensions>
    </Filter>
    <Filter Include="imgui">
      <UniqueIdentifier>{57fee94f-7e05-446c-9dde-7f41966ecea0}</UniqueIdentifier>
    </Filter>
    <Filter Include="imgui\Launcher">
      <UniqueIdentifier>{5d05a12f-9b7b-4b3a-89c3-6bf4ab330599}</UniqueIdentifier>
    </Filter>
    <Filter Include="log">
      <UniqueIdentifier>{40025eeb-79dd-4052-a072-8f9e296dd08a}</UniqueIdentifier>
    </Filter>
  </ItemGroup>
  <ItemGroup>
    <ClCompile Include="CompilersUI.cpp">
      <Filter>Исходные файлы</Filter>
    </ClCompile>
    <ClCompile Include="imgui\imgui.cpp">
      <Filter>imgui</Filter>
    </ClCompile>
    <ClCompile Include="imgui\imgui_demo.cpp">
      <Filter>imgui</Filter>
    </ClCompile>
    <ClCompile Include="imgui\imgui_draw.cpp">
      <Filter>imgui</Filter>
    </ClCompile>
    <ClCompile Include="imgui\imgui_tables.cpp">
      <Filter>imgui</Filter>
    </ClCompile>
    <ClCompile Include="imgui\imgui_widgets.cpp">
      <Filter>imgui</Filter>
    </ClCompile>
    <ClCompile Include="app_info.cpp">
      <Filter>Исходные файлы</Filter>
    </ClCompile>
    <ClCompile Include="imgui\impl\imgui_impl_sdl3.cpp">
      <Filter>imgui\Launcher</Filter>
    </ClCompile>
    <ClCompile Include="imgui\impl\imgui_impl_sdlrenderer3.cpp">
      <Filter>imgui\Launcher</Filter>
    </ClCompile>
    <ClCompile Include="cl_log.cpp">
      <Filter>log</Filter>
    </ClCompile>
    <ClCompile Include="SDL_Aplication.cpp">
      <Filter>Исходные файлы</Filter>
    </ClCompile>
    <ClCompile Include="StartupWindow.cpp">
      <Filter>Исходные файлы</Filter>
    </ClCompile>
    <ClCompile Include="luabind_allocator.cpp">
      <Filter>Исходные файлы</Filter>
    </ClCompile>
    <ClCompile Include="xrThread.cpp">
      <Filter>log</Filter>
    </ClCompile>
    <ClCompile Include="ImGUI_Style.cpp">
      <Filter>Исходные файлы</Filter>
    </ClCompile>
  </ItemGroup>
  <ItemGroup>
    <ClInclude Include="imgui\imconfig.h">
      <Filter>imgui</Filter>
    </ClInclude>
    <ClInclude Include="imgui\imgui.h">
      <Filter>imgui</Filter>
    </ClInclude>
    <ClInclude Include="imgui\imgui_internal.h">
      <Filter>imgui</Filter>
    </ClInclude>
    <ClInclude Include="imgui\imstb_rectpack.h">
      <Filter>imgui</Filter>
    </ClInclude>
    <ClInclude Include="imgui\imstb_textedit.h">
      <Filter>imgui</Filter>
    </ClInclude>
    <ClInclude Include="imgui\imstb_truetype.h">
      <Filter>imgui</Filter>
    </ClInclude>
    <ClInclude Include="imgui\impl\imgui_impl_sdl3.h">
      <Filter>imgui\Launcher</Filter>
    </ClInclude>
    <ClInclude Include="imgui\impl\imgui_impl_sdlrenderer3.h">
      <Filter>imgui\Launcher</Filter>
    </ClInclude>
    <ClInclude Include="cl_log.h">
      <Filter>log</Filter>
    </ClInclude>
    <ClInclude Include="app_info.h">
      <Filter>Исходные файлы</Filter>
    </ClInclude>
    <ClInclude Include="CompilerIcons.h">
      <Filter>Исходные файлы</Filter>
    </ClInclude>
    <ClInclude Include="CompilersUI.h">
      <Filter>Исходные файлы</Filter>
    </ClInclude>
    <ClInclude Include="xrThread.h">
      <Filter>log</Filter>
    </ClInclude>
    <ClInclude Include="ImGUI_Style.h">
      <Filter>Исходные файлы</Filter>
    </ClInclude>
  </ItemGroup>
</Project>