<?xml version="1.0" encoding="utf-8"?>
<Project ToolsVersion="4.0" xmlns="http://schemas.microsoft.com/developer/msbuild/2003">
  <ItemGroup>
    <Filter Include="Kernel">
      <UniqueIdentifier>{4322caef-2024-4f7c-864e-88d917498468}</UniqueIdentifier>
    </Filter>
    <Filter Include="Kernel\Res">
      <UniqueIdentifier>{dba0b522-6ea2-4c90-b8b6-4da1722f6899}</UniqueIdentifier>
    </Filter>
    <Filter Include="CDB">
      <UniqueIdentifier>{1b048924-e6fc-48c9-9a43-f546baf82da8}</UniqueIdentifier>
    </Filter>
    <Filter Include="External">
      <UniqueIdentifier>{6816cb87-5c17-40a4-b51f-99af382c36d3}</UniqueIdentifier>
    </Filter>
    <Filter Include="External\NV_Strips">
      <UniqueIdentifier>{1b511481-5b38-446a-af32-a7ab759c8ccd}</UniqueIdentifier>
    </Filter>
    <Filter Include="External\NV_Mender2003">
      <UniqueIdentifier>{0e2a6f79-641a-4c85-b389-ea0de7863765}</UniqueIdentifier>
    </Filter>
    <Filter Include="External\NV_Mender2002">
      <UniqueIdentifier>{97e45b3d-60ed-4113-a66d-37cffac56d8f}</UniqueIdentifier>
    </Filter>
    <Filter Include="External\NV_Mender2002\NV_Basis">
      <UniqueIdentifier>{94dc8dc0-c6dc-4fbd-b40d-b5a96acfb350}</UniqueIdentifier>
    </Filter>
    <Filter Include="PropSlim">
      <UniqueIdentifier>{61fb8056-18e6-4269-91c4-d2ada495d7b2}</UniqueIdentifier>
    </Filter>
    <Filter Include="%2a%2a%2a COMPILER %2a%2a%2a">
      <UniqueIdentifier>{7591a493-16ad-4b4e-b7ed-e3a558a8a0d6}</UniqueIdentifier>
    </Filter>
    <Filter Include="%2a%2a%2a COMPILER %2a%2a%2a\XRAY">
      <UniqueIdentifier>{76177848-876f-4fdf-bc6f-066e863dc5d6}</UniqueIdentifier>
    </Filter>
    <Filter Include="%2a%2a%2a COMPILER %2a%2a%2a\Internal">
      <UniqueIdentifier>{97a60e23-1780-41d0-b31b-bfa0366e8f3a}</UniqueIdentifier>
    </Filter>
    <Filter Include="%2a%2a%2a COMPILER %2a%2a%2a\Internal\Targa">
      <UniqueIdentifier>{631ed328-83cc-4738-880a-9e190c4ee0ce}</UniqueIdentifier>
    </Filter>
    <Filter Include="%2a%2a%2a COMPILER %2a%2a%2a\Internal\Targa\ILoader">
      <UniqueIdentifier>{5ee8d1d4-2258-4149-b9a8-a06e1a4fb99e}</UniqueIdentifier>
    </Filter>
    <Filter Include="%2a%2a%2a COMPILER %2a%2a%2a\Model">
      <UniqueIdentifier>{35ab387b-468c-417a-a36e-ce6f613e28a6}</UniqueIdentifier>
    </Filter>
    <Filter Include="%2a%2a%2a COMPILER %2a%2a%2a\MergeLM">
      <UniqueIdentifier>{79e8b817-9c58-4a23-b6de-a9987350a9f4}</UniqueIdentifier>
    </Filter>
  </ItemGroup>
  <ItemGroup>
    <ClInclude Include="defines.h">
      <Filter>Kernel</Filter>
    </ClInclude>
    <ClInclude Include="StdAfx.h">
      <Filter>Kernel</Filter>
    </ClInclude>
    <ClInclude Include="resource.h">
      <Filter>Kernel\Res</Filter>
    </ClInclude>
    <ClInclude Include="cl_intersect.h">
      <Filter>CDB</Filter>
    </ClInclude>
    <ClInclude Include="b_globals.h">
      <Filter>External</Filter>
    </ClInclude>
    <ClInclude Include="MeshMenderLayerOGF.h">
      <Filter>External</Filter>
    </ClInclude>
    <ClInclude Include="MeshMenderLayerOrdinaryStatic.h">
      <Filter>External</Filter>
    </ClInclude>
    <ClInclude Include="progmesh.h">
      <Filter>External</Filter>
    </ClInclude>
    <ClInclude Include="std_classes.h">
      <Filter>External</Filter>
    </ClInclude>
    <ClInclude Include="xrDXTC.h">
      <Filter>External</Filter>
    </ClInclude>
    <ClInclude Include="xrHemisphere.h">
      <Filter>External</Filter>
    </ClInclude>
    <ClInclude Include="xrOcclusion.h">
      <Filter>External</Filter>
    </ClInclude>
    <ClInclude Include="xrSpherical.h">
      <Filter>External</Filter>
    </ClInclude>
    <ClInclude Include="NV_Library\NvTriStrip.h">
      <Filter>External\NV_Strips</Filter>
    </ClInclude>
    <ClInclude Include="NV_Library\NvTriStripObjects.h">
      <Filter>External\NV_Strips</Filter>
    </ClInclude>
    <ClInclude Include="NV_Library\VertexCache.h">
      <Filter>External\NV_Strips</Filter>
    </ClInclude>
    <ClInclude Include="NvMender2002\NVMeshMender.h">
      <Filter>External\NV_Mender2002</Filter>
    </ClInclude>
    <ClInclude Include="NvMender2002\nv_algebra.h">
      <Filter>External\NV_Mender2002\NV_Basis</Filter>
    </ClInclude>
    <ClInclude Include="NvMender2002\nv_math.h">
      <Filter>External\NV_Mender2002\NV_Basis</Filter>
    </ClInclude>
    <ClInclude Include="NvMender2002\nv_mathdecl.h">
      <Filter>External\NV_Mender2002\NV_Basis</Filter>
    </ClInclude>
    <ClInclude Include="xrGameMaterials.h" />
    <ClInclude Include="..\Public\Shader_xrLC.h" />
    <ClInclude Include="xrLC.h">
      <Filter>Kernel</Filter>
    </ClInclude>
    <ClInclude Include="PropSlim\PropSlimTools.h">
      <Filter>PropSlim</Filter>
    </ClInclude>
    <ClInclude Include="PropSlim\object.h">
      <Filter>PropSlim</Filter>
    </ClInclude>
    <ClInclude Include="PropSlim\object_sliding.h">
      <Filter>PropSlim</Filter>
    </ClInclude>
    <ClInclude Include="PropSlim\mesh.h">
      <Filter>PropSlim</Filter>
    </ClInclude>
    <ClInclude Include="PropSlim\DLink.h">
      <Filter>PropSlim</Filter>
    </ClInclude>
    <ClInclude Include="PropSlim\quad.h">
      <Filter>PropSlim</Filter>
    </ClInclude>
    <ClInclude Include="QMath.h">
      <Filter>PropSlim</Filter>
    </ClInclude>
    <ClInclude Include="Build.h">
      <Filter>%2a%2a%2a COMPILER %2a%2a%2a</Filter>
    </ClInclude>
    <ClInclude Include="cform_build.h">
      <Filter>%2a%2a%2a COMPILER %2a%2a%2a</Filter>
    </ClInclude>
    <ClInclude Include="ELight_def.h">
      <Filter>%2a%2a%2a COMPILER %2a%2a%2a</Filter>
    </ClInclude>
    <ClInclude Include="Sector.h">
      <Filter>%2a%2a%2a COMPILER %2a%2a%2a</Filter>
    </ClInclude>
    <ClInclude Include="_rect.h">
      <Filter>%2a%2a%2a COMPILER %2a%2a%2a</Filter>
    </ClInclude>
    <ClInclude Include="ArbitraryList.h">
      <Filter>%2a%2a%2a COMPILER %2a%2a%2a\XRAY</Filter>
    </ClInclude>
    <ClInclude Include="OGF_Face.h">
      <Filter>%2a%2a%2a COMPILER %2a%2a%2a\XRAY</Filter>
    </ClInclude>
    <ClInclude Include="vbm.h">
      <Filter>%2a%2a%2a COMPILER %2a%2a%2a\Internal</Filter>
    </ClInclude>
    <ClInclude Include="Image.h">
      <Filter>%2a%2a%2a COMPILER %2a%2a%2a\Internal\Targa\ILoader</Filter>
    </ClInclude>
    <ClInclude Include="xrPhase_MergeLM_Rect.h">
      <Filter>%2a%2a%2a COMPILER %2a%2a%2a\MergeLM</Filter>
    </ClInclude>
    <ClInclude Include="xrPhase_MergeLM_Surface.h">
      <Filter>%2a%2a%2a COMPILER %2a%2a%2a\MergeLM</Filter>
    </ClInclude>
  </ItemGroup>
  <ItemGroup>
    <ClCompile Include="StdAfx.cpp">
      <Filter>Kernel</Filter>
    </ClCompile>
    <ClCompile Include="xrLC.cpp">
      <Filter>Kernel</Filter>
    </ClCompile>
    <ClCompile Include="NV_Library\NvTriStrip.cpp">
      <Filter>External\NV_Strips</Filter>
    </ClCompile>
    <ClCompile Include="NV_Library\NvTriStripObjects.cpp">
      <Filter>External\NV_Strips</Filter>
    </ClCompile>
    <ClCompile Include="NV_Library\VertexCache.cpp">
      <Filter>External\NV_Strips</Filter>
    </ClCompile>
    <ClCompile Include="NvMender2002\NVMeshMender.cpp">
      <Filter>External\NV_Mender2002</Filter>
    </ClCompile>
    <ClCompile Include="NvMender2002\nv_algebra.cpp">
      <Filter>External\NV_Mender2002\NV_Basis</Filter>
    </ClCompile>
    <ClCompile Include="..\Public\NVMeshMenderTwo.cpp" />
    <ClCompile Include="PropSlim\PropSlimTools.cpp">
      <Filter>PropSlim</Filter>
    </ClCompile>
    <ClCompile Include="PropSlim\object.cpp">
      <Filter>PropSlim</Filter>
    </ClCompile>
    <ClCompile Include="PropSlim\object_sliding.cpp">
      <Filter>PropSlim</Filter>
    </ClCompile>
    <ClCompile Include="Build.cpp">
      <Filter>%2a%2a%2a COMPILER %2a%2a%2a</Filter>
    </ClCompile>
    <ClCompile Include="Build_Load.cpp">
      <Filter>%2a%2a%2a COMPILER %2a%2a%2a</Filter>
    </ClCompile>
    <ClCompile Include="Sector.cpp">
      <Filter>%2a%2a%2a COMPILER %2a%2a%2a</Filter>
    </ClCompile>
    <ClCompile Include="xrBuildCForm.cpp">
      <Filter>%2a%2a%2a COMPILER %2a%2a%2a</Filter>
    </ClCompile>
    <ClCompile Include="xrBuildRapidModel.cpp">
      <Filter>%2a%2a%2a COMPILER %2a%2a%2a</Filter>
    </ClCompile>
    <ClCompile Include="xrCalcNormals.cpp">
      <Filter>%2a%2a%2a COMPILER %2a%2a%2a</Filter>
    </ClCompile>
    <ClCompile Include="xrFlex2OGF.cpp">
      <Filter>%2a%2a%2a COMPILER %2a%2a%2a</Filter>
    </ClCompile>
    <ClCompile Include="xrLight.cpp">
      <Filter>%2a%2a%2a COMPILER %2a%2a%2a</Filter>
    </ClCompile>
    <ClCompile Include="xrOptimizeCFORM_qslim.cpp">
      <Filter>%2a%2a%2a COMPILER %2a%2a%2a</Filter>
    </ClCompile>
    <ClCompile Include="xrPhase_AdaptiveHT.cpp">
      <Filter>%2a%2a%2a COMPILER %2a%2a%2a</Filter>
    </ClCompile>
    <ClCompile Include="xrPhase_GI.cpp">
      <Filter>%2a%2a%2a COMPILER %2a%2a%2a</Filter>
    </ClCompile>
    <ClCompile Include="xrPhase_MergeGeometry.cpp">
      <Filter>%2a%2a%2a COMPILER %2a%2a%2a</Filter>
    </ClCompile>
    <ClCompile Include="xrPhase_ResolveMaterials.cpp">
      <Filter>%2a%2a%2a COMPILER %2a%2a%2a</Filter>
    </ClCompile>
    <ClCompile Include="xrPhase_Subdivide.cpp">
      <Filter>%2a%2a%2a COMPILER %2a%2a%2a</Filter>
    </ClCompile>
    <ClCompile Include="xrPhase_TangentBasis.cpp">
      <Filter>%2a%2a%2a COMPILER %2a%2a%2a</Filter>
    </ClCompile>
    <ClCompile Include="xrPhase_UVmap.cpp">
      <Filter>%2a%2a%2a COMPILER %2a%2a%2a</Filter>
    </ClCompile>
    <ClCompile Include="xrPreOptimize.cpp">
      <Filter>%2a%2a%2a COMPILER %2a%2a%2a</Filter>
    </ClCompile>
    <ClCompile Include="xrSaveLights.cpp">
      <Filter>%2a%2a%2a COMPILER %2a%2a%2a</Filter>
    </ClCompile>
    <ClCompile Include="xrSaveOGF.cpp">
      <Filter>%2a%2a%2a COMPILER %2a%2a%2a</Filter>
    </ClCompile>
    <ClCompile Include="xrSectors.cpp">
      <Filter>%2a%2a%2a COMPILER %2a%2a%2a</Filter>
    </ClCompile>
    <ClCompile Include="xrT_Junction.cpp">
      <Filter>%2a%2a%2a COMPILER %2a%2a%2a</Filter>
    </ClCompile>
    <ClCompile Include="fmesh.cpp">
      <Filter>%2a%2a%2a COMPILER %2a%2a%2a\XRAY</Filter>
    </ClCompile>
    <ClCompile Include="OGF_CalculateTB.cpp">
      <Filter>%2a%2a%2a COMPILER %2a%2a%2a\XRAY</Filter>
    </ClCompile>
    <ClCompile Include="OGF_Face.cpp">
      <Filter>%2a%2a%2a COMPILER %2a%2a%2a\XRAY</Filter>
    </ClCompile>
    <ClCompile Include="OGF_Face_Save.cpp">
      <Filter>%2a%2a%2a COMPILER %2a%2a%2a\XRAY</Filter>
    </ClCompile>
    <ClCompile Include="OGF_Face_Sphere.cpp">
      <Filter>%2a%2a%2a COMPILER %2a%2a%2a\XRAY</Filter>
    </ClCompile>
    <ClCompile Include="OGF_Face_Stripify.cpp">
      <Filter>%2a%2a%2a COMPILER %2a%2a%2a\XRAY</Filter>
    </ClCompile>
    <ClCompile Include="OGF_RemoveIsolatedVerts.cpp">
      <Filter>%2a%2a%2a COMPILER %2a%2a%2a\XRAY</Filter>
    </ClCompile>
    <ClCompile Include="Image.cpp">
      <Filter>%2a%2a%2a COMPILER %2a%2a%2a\Internal\Targa\ILoader</Filter>
    </ClCompile>
    <ClCompile Include="xrMU_Model_Calc_ogf.cpp">
      <Filter>%2a%2a%2a COMPILER %2a%2a%2a\Model</Filter>
    </ClCompile>
    <ClCompile Include="xrMU_Model_export_geometry.cpp">
      <Filter>%2a%2a%2a COMPILER %2a%2a%2a\Model</Filter>
    </ClCompile>
    <ClCompile Include="xrMU_Model_export_OGF.cpp">
      <Filter>%2a%2a%2a COMPILER %2a%2a%2a\Model</Filter>
    </ClCompile>
    <ClCompile Include="xrPhase_MergeLM.cpp">
      <Filter>%2a%2a%2a COMPILER %2a%2a%2a\MergeLM</Filter>
    </ClCompile>
    <ClCompile Include="xrPhase_MergeLM_Surface.cpp">
      <Filter>%2a%2a%2a COMPILER %2a%2a%2a\MergeLM</Filter>
    </ClCompile>
  </ItemGroup>
  <ItemGroup>
    <ResourceCompile Include="resource.rc">
      <Filter>Kernel\Res</Filter>
    </ResourceCompile>
  </ItemGroup>
</Project>