<?xml version="1.0" encoding="utf-8"?>
<Project ToolsVersion="4.0" xmlns="http://schemas.microsoft.com/developer/msbuild/2003">
  <ItemGroup>
    <Filter Include="UI">
      <UniqueIdentifier>{8de59519-90ea-45b4-aa15-357dbcb5c246}</UniqueIdentifier>
    </Filter>
    <Filter Include="Engine">
      <UniqueIdentifier>{d1483583-4055-4c23-bc0e-cd2774fa481f}</UniqueIdentifier>
    </Filter>
    <Filter Include="Render">
      <UniqueIdentifier>{820cd9c6-8985-464f-82cf-f053ef14ef09}</UniqueIdentifier>
    </Filter>
    <Filter Include="ServerEntities">
      <UniqueIdentifier>{04a1bd6e-c754-494c-9fa6-1fbe7ef47912}</UniqueIdentifier>
    </Filter>
    <Filter Include="UI\Tools">
      <UniqueIdentifier>{3e179e6c-ce08-4955-a1ad-7b268a674b30}</UniqueIdentifier>
    </Filter>
    <Filter Include="UI\UI_TOOLS_SE7">
      <UniqueIdentifier>{f5af6c00-6166-463c-bc71-0cc9c0f36c4b}</UniqueIdentifier>
    </Filter>
    <Filter Include="UI\Menus">
      <UniqueIdentifier>{84804673-c3da-4dad-ba59-4895bd588736}</UniqueIdentifier>
    </Filter>
    <Filter Include="UI\LEVEL_MAIN">
      <UniqueIdentifier>{29dd90ce-4274-40a7-9d48-b10b432716d5}</UniqueIdentifier>
    </Filter>
    <Filter Include="MAIN TOOLS">
      <UniqueIdentifier>{4bd9bf5b-85b2-4418-8f9c-4cfe3280fe76}</UniqueIdentifier>
    </Filter>
    <Filter Include="MAIN TOOLS\ETools">
      <UniqueIdentifier>{0beab3a6-85e4-40cd-8ba5-0c8dedd33f14}</UniqueIdentifier>
    </Filter>
    <Filter Include="MAIN TOOLS\ETools\BASE_CLASS">
      <UniqueIdentifier>{2ae24f34-6222-4a7e-b116-cdc0f3a65299}</UniqueIdentifier>
    </Filter>
    <Filter Include="MAIN TOOLS\ETools\TOOLS">
      <UniqueIdentifier>{f3903cd3-4168-4889-818f-5e02fe3bfdbe}</UniqueIdentifier>
    </Filter>
    <Filter Include="MAIN TOOLS\ETools\TOOLS\FOG">
      <UniqueIdentifier>{c4993c35-f589-481b-a2f4-d53ba84ea0aa}</UniqueIdentifier>
    </Filter>
    <Filter Include="MAIN TOOLS\ETools\TOOLS\CONTROLS">
      <UniqueIdentifier>{9d6f81d8-0fa3-446e-bcd5-625077bc6c06}</UniqueIdentifier>
    </Filter>
    <Filter Include="MAIN TOOLS\ETools\TOOLS\LIGHT">
      <UniqueIdentifier>{234686a0-fccd-4232-8688-5f795e4180b4}</UniqueIdentifier>
    </Filter>
    <Filter Include="MAIN TOOLS\ETools\TOOLS\LIGHT\Elight">
      <UniqueIdentifier>{d0c95969-6b2f-43d2-8226-92c6dbca4e26}</UniqueIdentifier>
    </Filter>
    <Filter Include="MAIN TOOLS\ETools\TOOLS\GROUP">
      <UniqueIdentifier>{d2789a5f-4c03-4e72-91cf-7ca5c0dd1cfe}</UniqueIdentifier>
    </Filter>
    <Filter Include="MAIN TOOLS\ETools\TOOLS\CUSTOM">
      <UniqueIdentifier>{b37d6777-b299-4f9f-94f6-788c7ad19a1c}</UniqueIdentifier>
    </Filter>
    <Filter Include="MAIN TOOLS\ETools\TOOLS\DO">
      <UniqueIdentifier>{013eab99-3891-4730-8623-cffe391855cb}</UniqueIdentifier>
    </Filter>
    <Filter Include="MAIN TOOLS\ETools\TOOLS\AI">
      <UniqueIdentifier>{f261d5d4-b0e5-4fee-a3de-e7d0e120b5ef}</UniqueIdentifier>
    </Filter>
    <Filter Include="MAIN TOOLS\ETools\TOOLS\WAY">
      <UniqueIdentifier>{c47a0ae2-7b8d-4ff3-a14d-2ea3fe92d049}</UniqueIdentifier>
    </Filter>
    <Filter Include="MAIN TOOLS\ETools\TOOLS\WALLMARK">
      <UniqueIdentifier>{da5e93f8-05b0-4de3-9089-7f6f9bd8868e}</UniqueIdentifier>
    </Filter>
    <Filter Include="MAIN TOOLS\ETools\TOOLS\SOUND">
      <UniqueIdentifier>{d64cf357-e992-408f-a054-08a5c1ba00bc}</UniqueIdentifier>
    </Filter>
    <Filter Include="MAIN TOOLS\ETools\TOOLS\PS">
      <UniqueIdentifier>{8e835302-f9ce-4588-bb8c-cd4c85ca5987}</UniqueIdentifier>
    </Filter>
    <Filter Include="MAIN TOOLS\ETools\TOOLS\PS\object">
      <UniqueIdentifier>{c6ccf190-570b-4f76-a515-299c1fd2da02}</UniqueIdentifier>
    </Filter>
    <Filter Include="MAIN TOOLS\ETools\TOOLS\PORTALS_SECTORS">
      <UniqueIdentifier>{fa2a2ccd-fdc0-45d8-9141-f5d1f8c40538}</UniqueIdentifier>
    </Filter>
    <Filter Include="MAIN TOOLS\ETools\TOOLS\SPAWN">
      <UniqueIdentifier>{168b8e11-b0f3-4766-8075-13c7b0d7987a}</UniqueIdentifier>
    </Filter>
    <Filter Include="MAIN TOOLS\ETools\TOOLS\SPAWN\Objects">
      <UniqueIdentifier>{f207b20c-130f-4a76-ac26-b58327995f69}</UniqueIdentifier>
    </Filter>
    <Filter Include="MAIN TOOLS\ETools\Objects">
      <UniqueIdentifier>{4206bc05-065b-4324-beae-41986cdda4ca}</UniqueIdentifier>
    </Filter>
    <Filter Include="MAIN TOOLS\Builders">
      <UniqueIdentifier>{0a2f22c7-bc4a-4122-a885-22115977671f}</UniqueIdentifier>
    </Filter>
    <Filter Include="MAIN TOOLS\Controls">
      <UniqueIdentifier>{78a3fd61-1efb-4398-83b8-9977fb9910db}</UniqueIdentifier>
    </Filter>
    <Filter Include="MAIN TOOLS\STUFF">
      <UniqueIdentifier>{3d8bbce3-7ece-4e83-8d6a-698a4cc5f1f8}</UniqueIdentifier>
    </Filter>
    <Filter Include="MAIN TOOLS\Pref">
      <UniqueIdentifier>{1589fdf3-4f3d-4cd9-a9e8-bc39f3d21539}</UniqueIdentifier>
    </Filter>
    <Filter Include="MAIN TOOLS\Scene">
      <UniqueIdentifier>{d1e8655c-2131-4206-88ec-1b0445641d36}</UniqueIdentifier>
    </Filter>
    <Filter Include="UI\UI_TOOLS_SE7\Functions_Write By se7kills">
      <UniqueIdentifier>{590d0a2b-536a-4fba-8ee6-483c02481e4c}</UniqueIdentifier>
    </Filter>
    <Filter Include="jsoncpp">
      <UniqueIdentifier>{03677500-62a6-4be8-b5b6-e1690c03cf64}</UniqueIdentifier>
    </Filter>
  </ItemGroup>
  <ItemGroup>
    <ClCompile Include="Edit\SoundManager_LE.cpp">
      <Filter>MAIN TOOLS</Filter>
    </ClCompile>
    <ClCompile Include="LEPhysics.cpp" />
    <ClCompile Include="stdafx.cpp" />
    <ClCompile Include="UI\UITopBarForm.cpp">
      <Filter>UI</Filter>
    </ClCompile>
    <ClCompile Include="UI\UILeftBarForm.cpp">
      <Filter>UI</Filter>
    </ClCompile>
    <ClCompile Include="UI\UIMainForm.cpp">
      <Filter>UI</Filter>
    </ClCompile>
    <ClCompile Include="UI\UIMainMenuForm.cpp">
      <Filter>UI</Filter>
    </ClCompile>
    <ClCompile Include="LevelEditor.cpp" />
    <ClCompile Include="iniStreamImpl.cpp" />
    <ClCompile Include="..\..\XrRender\Private\DetailManager.cpp">
      <Filter>Render</Filter>
    </ClCompile>
    <ClCompile Include="..\..\XrRender\Private\DetailManager_VS.cpp">
      <Filter>Render</Filter>
    </ClCompile>
    <ClCompile Include="..\..\XrRender\Private\DetailManager_Decompress.cpp">
      <Filter>Render</Filter>
    </ClCompile>
    <ClCompile Include="..\..\XrRender\Private\DetailManager_soft.cpp">
      <Filter>Render</Filter>
    </ClCompile>
    <ClCompile Include="..\..\XrRender\Private\DetailManager_CACHE.cpp">
      <Filter>Render</Filter>
    </ClCompile>
    <ClCompile Include="..\..\XrRender\Private\stats_manager.cpp">
      <Filter>Render</Filter>
    </ClCompile>
    <ClCompile Include="..\..\xrServerEntities\gametype_chooser.cpp">
      <Filter>ServerEntities</Filter>
    </ClCompile>
    <ClCompile Include="..\..\xrServerEntities\LevelGameDef.cpp">
      <Filter>ServerEntities</Filter>
    </ClCompile>
    <ClCompile Include="..\..\XrEngine\ObjectAnimator.cpp">
      <Filter>Engine</Filter>
    </ClCompile>
    <ClCompile Include="UI\Tools\UILightTool.cpp">
      <Filter>UI\Tools</Filter>
    </ClCompile>
    <ClCompile Include="UI\UILPropertiesFrom.cpp">
      <Filter>UI</Filter>
    </ClCompile>
    <ClCompile Include="UI\Tools\UIObjectTool.cpp">
      <Filter>UI\Tools</Filter>
    </ClCompile>
    <ClCompile Include="UI\UIPropertiesModal.cpp">
      <Filter>UI</Filter>
    </ClCompile>
    <ClCompile Include="UI\Tools\UISpawnTool.cpp">
      <Filter>UI\Tools</Filter>
    </ClCompile>
    <ClCompile Include="UI\Tools\UIShapeTool.cpp">
      <Filter>UI\Tools</Filter>
    </ClCompile>
    <ClCompile Include="UI\Tools\UISectorTool.cpp">
      <Filter>UI\Tools</Filter>
    </ClCompile>
    <ClCompile Include="UI\Tools\UIPortalTool.cpp">
      <Filter>UI\Tools</Filter>
    </ClCompile>
    <ClCompile Include="UI\Tools\UIAIMapTool.cpp">
      <Filter>UI\Tools</Filter>
    </ClCompile>
    <ClCompile Include="UI\Tools\UIParticlesTool.cpp">
      <Filter>UI\Tools</Filter>
    </ClCompile>
    <ClCompile Include="UI\Tools\UIGroupTool.cpp">
      <Filter>UI\Tools</Filter>
    </ClCompile>
    <ClCompile Include="UI\Tools\UIDOTool.cpp">
      <Filter>UI\Tools</Filter>
    </ClCompile>
    <ClCompile Include="UI\Tools\UIFogVolTool.cpp">
      <Filter>UI\Tools</Filter>
    </ClCompile>
    <ClCompile Include="UI\UIDOShuffle.cpp">
      <Filter>UI</Filter>
    </ClCompile>
    <ClCompile Include="UI\UIDOOneColor.cpp">
      <Filter>UI</Filter>
    </ClCompile>
    <ClCompile Include="UIObjectList_TOOLS.cpp">
      <Filter>UI\UI_TOOLS_SE7</Filter>
    </ClCompile>
    <ClCompile Include="UI_CompilerXR.cpp">
      <Filter>UI\Menus</Filter>
    </ClCompile>
    <ClCompile Include="UIDxtConverter.cpp">
      <Filter>UI\Menus</Filter>
    </ClCompile>
    <ClCompile Include="UI_TreesReplacer.cpp">
      <Filter>UI\Menus</Filter>
    </ClCompile>
    <ClCompile Include="Edit\Builder.cpp">
      <Filter>MAIN TOOLS\Builders</Filter>
    </ClCompile>
    <ClCompile Include="Edit\BuilderCF.cpp">
      <Filter>MAIN TOOLS\Builders</Filter>
    </ClCompile>
    <ClCompile Include="Edit\BuilderCore.cpp">
      <Filter>MAIN TOOLS\Builders</Filter>
    </ClCompile>
    <ClCompile Include="Edit\BuilderGame.cpp">
      <Filter>MAIN TOOLS\Builders</Filter>
    </ClCompile>
    <ClCompile Include="Edit\BuilderLODs.cpp">
      <Filter>MAIN TOOLS\Builders</Filter>
    </ClCompile>
    <ClCompile Include="Edit\BuilderLTX.cpp">
      <Filter>MAIN TOOLS\Builders</Filter>
    </ClCompile>
    <ClCompile Include="Edit\BuilderOGF.cpp">
      <Filter>MAIN TOOLS\Builders</Filter>
    </ClCompile>
    <ClCompile Include="Edit\BuilderRemote.cpp">
      <Filter>MAIN TOOLS\Builders</Filter>
    </ClCompile>
    <ClCompile Include="Edit\Cursor3D.cpp">
      <Filter>MAIN TOOLS\Controls</Filter>
    </ClCompile>
    <ClCompile Include="Edit\Custom2DProjector.cpp">
      <Filter>MAIN TOOLS\Controls</Filter>
    </ClCompile>
    <ClCompile Include="Edit\CustomObject.cpp">
      <Filter>MAIN TOOLS\ETools\Objects</Filter>
    </ClCompile>
    <ClCompile Include="Edit\CustomObjectAnimation.cpp">
      <Filter>MAIN TOOLS\ETools\Objects</Filter>
    </ClCompile>
    <ClCompile Include="Edit\CustomObjectLE.cpp">
      <Filter>MAIN TOOLS\ETools\Objects</Filter>
    </ClCompile>
    <ClCompile Include="Edit\ELight.cpp">
      <Filter>MAIN TOOLS\ETools\TOOLS\LIGHT\Elight</Filter>
    </ClCompile>
    <ClCompile Include="Edit\ELight_IO.cpp">
      <Filter>MAIN TOOLS\ETools\TOOLS\LIGHT\Elight</Filter>
    </ClCompile>
    <ClCompile Include="Edit\ELight_props.cpp">
      <Filter>MAIN TOOLS\ETools\TOOLS\LIGHT\Elight</Filter>
    </ClCompile>
    <ClCompile Include="Edit\EditObjectExportLWO.cpp">
      <Filter>MAIN TOOLS\ETools\Objects</Filter>
    </ClCompile>
    <ClCompile Include="Edit\ESceneAIMapControls.cpp">
      <Filter>MAIN TOOLS\ETools\TOOLS\AI</Filter>
    </ClCompile>
    <ClCompile Include="Edit\ESceneAIMapTools.cpp">
      <Filter>MAIN TOOLS\ETools\TOOLS\AI</Filter>
    </ClCompile>
    <ClCompile Include="Edit\ESceneAIMapTools_Controls.cpp">
      <Filter>MAIN TOOLS\ETools\TOOLS\AI</Filter>
    </ClCompile>
    <ClCompile Include="Edit\ESceneAIMapTools_Export.cpp">
      <Filter>MAIN TOOLS\ETools\TOOLS\AI</Filter>
    </ClCompile>
    <ClCompile Include="Edit\ESceneAIMapTools_Generate.cpp">
      <Filter>MAIN TOOLS\ETools\TOOLS\AI</Filter>
    </ClCompile>
    <ClCompile Include="Edit\ESceneAIMapTools_MotionSimulator.cpp">
      <Filter>MAIN TOOLS\ETools\TOOLS\AI</Filter>
    </ClCompile>
    <ClCompile Include="Edit\ESceneAIMapTools_Pick.cpp">
      <Filter>MAIN TOOLS\ETools\TOOLS\AI</Filter>
    </ClCompile>
    <ClCompile Include="Edit\ESceneAIMapTools_Render.cpp">
      <Filter>MAIN TOOLS\ETools\TOOLS\AI</Filter>
    </ClCompile>
    <ClCompile Include="Edit\ESceneCustomMTools.cpp">
      <Filter>MAIN TOOLS\ETools\TOOLS\CUSTOM</Filter>
    </ClCompile>
    <ClCompile Include="Edit\ESceneCustomMToolsControls.cpp">
      <Filter>MAIN TOOLS\ETools\TOOLS\CUSTOM</Filter>
    </ClCompile>
    <ClCompile Include="Edit\ESceneCustomOTools.cpp">
      <Filter>MAIN TOOLS\ETools\TOOLS\CUSTOM</Filter>
    </ClCompile>
    <ClCompile Include="Edit\ESceneCustomOToolsFactory.cpp">
      <Filter>MAIN TOOLS\ETools\TOOLS\CUSTOM</Filter>
    </ClCompile>
    <ClCompile Include="Edit\ESceneCustomOToolsIO.cpp">
      <Filter>MAIN TOOLS\ETools\TOOLS\CUSTOM</Filter>
    </ClCompile>
    <ClCompile Include="Edit\ESceneDOTools.cpp">
      <Filter>MAIN TOOLS\ETools\TOOLS\DO</Filter>
    </ClCompile>
    <ClCompile Include="Edit\ESceneDOTools_Controls.cpp">
      <Filter>MAIN TOOLS\ETools\TOOLS\DO</Filter>
    </ClCompile>
    <ClCompile Include="Edit\ESceneDOTools_Generate.cpp">
      <Filter>MAIN TOOLS\ETools\TOOLS\DO</Filter>
    </ClCompile>
    <ClCompile Include="Edit\ESceneDOTools_Pick.cpp">
      <Filter>MAIN TOOLS\ETools\TOOLS\DO</Filter>
    </ClCompile>
    <ClCompile Include="Edit\ESceneGroupControls.cpp">
      <Filter>MAIN TOOLS\ETools\TOOLS\GROUP</Filter>
    </ClCompile>
    <ClCompile Include="Edit\ESceneGroupTools.cpp">
      <Filter>MAIN TOOLS\ETools\TOOLS\GROUP</Filter>
    </ClCompile>
    <ClCompile Include="Edit\ESceneGroupToolsIO.cpp">
      <Filter>MAIN TOOLS\ETools\TOOLS\GROUP</Filter>
    </ClCompile>
    <ClCompile Include="Edit\ESceneGlowTools.cpp">
      <Filter>MAIN TOOLS\ETools\TOOLS\LIGHT</Filter>
    </ClCompile>
    <ClCompile Include="Edit\ESceneGlowToolsIO.cpp">
      <Filter>MAIN TOOLS\ETools\TOOLS\LIGHT</Filter>
    </ClCompile>
    <ClCompile Include="Edit\ESceneLightTools.cpp">
      <Filter>MAIN TOOLS\ETools\TOOLS\LIGHT</Filter>
    </ClCompile>
    <ClCompile Include="Edit\ESceneSectorControls.cpp">
      <Filter>MAIN TOOLS\ETools\TOOLS\PORTALS_SECTORS</Filter>
    </ClCompile>
    <ClCompile Include="Edit\ESceneSectorTools.cpp">
      <Filter>MAIN TOOLS\ETools\TOOLS\PORTALS_SECTORS</Filter>
    </ClCompile>
    <ClCompile Include="Edit\ESceneSectorToolsIO.cpp">
      <Filter>MAIN TOOLS\ETools\TOOLS\PORTALS_SECTORS</Filter>
    </ClCompile>
    <ClCompile Include="Edit\EScenePortalControls.cpp">
      <Filter>MAIN TOOLS\ETools\TOOLS\PORTALS_SECTORS</Filter>
    </ClCompile>
    <ClCompile Include="Edit\EScenePortalTools.cpp">
      <Filter>MAIN TOOLS\ETools\TOOLS\PORTALS_SECTORS</Filter>
    </ClCompile>
    <ClCompile Include="Edit\EScenePortalToolsIO.cpp">
      <Filter>MAIN TOOLS\ETools\TOOLS\PORTALS_SECTORS</Filter>
    </ClCompile>
    <ClCompile Include="Edit\ESceneShapeControls.cpp">
      <Filter>MAIN TOOLS\ETools\TOOLS\SPAWN</Filter>
    </ClCompile>
    <ClCompile Include="Edit\ESceneShapeTools.cpp">
      <Filter>MAIN TOOLS\ETools\TOOLS\SPAWN</Filter>
    </ClCompile>
    <ClCompile Include="Edit\ESceneShapeToolsIO.cpp">
      <Filter>MAIN TOOLS\ETools\TOOLS\SPAWN</Filter>
    </ClCompile>
    <ClCompile Include="Edit\EScenePSToolsIO.cpp">
      <Filter>MAIN TOOLS\ETools\TOOLS\PS</Filter>
    </ClCompile>
    <ClCompile Include="Edit\EScenePSTools.cpp">
      <Filter>MAIN TOOLS\ETools\TOOLS\PS</Filter>
    </ClCompile>
    <ClCompile Include="Edit\EScenePSControls.cpp">
      <Filter>MAIN TOOLS\ETools\TOOLS\PS</Filter>
    </ClCompile>
    <ClCompile Include="Edit\ESceneSpawnToolsIO.cpp">
      <Filter>MAIN TOOLS\ETools\TOOLS\SPAWN</Filter>
    </ClCompile>
    <ClCompile Include="Edit\ESceneSpawnTools.cpp">
      <Filter>MAIN TOOLS\ETools\TOOLS\SPAWN</Filter>
    </ClCompile>
    <ClCompile Include="Edit\ESceneSpawnControls.cpp">
      <Filter>MAIN TOOLS\ETools\TOOLS\SPAWN</Filter>
    </ClCompile>
    <ClCompile Include="Edit\ESceneControlsCustom.cpp">
      <Filter>MAIN TOOLS\ETools\TOOLS\CONTROLS</Filter>
    </ClCompile>
    <ClCompile Include="Edit\ESceneSoundEnvTools.cpp">
      <Filter>MAIN TOOLS\ETools\TOOLS\SOUND</Filter>
    </ClCompile>
    <ClCompile Include="Edit\ESceneSoundEnvToolsIO.cpp">
      <Filter>MAIN TOOLS\ETools\TOOLS\SOUND</Filter>
    </ClCompile>
    <ClCompile Include="Edit\ESceneSoundSrcTools.cpp">
      <Filter>MAIN TOOLS\ETools\TOOLS\SOUND</Filter>
    </ClCompile>
    <ClCompile Include="Edit\ESceneSoundSrcToolsIO.cpp">
      <Filter>MAIN TOOLS\ETools\TOOLS\SOUND</Filter>
    </ClCompile>
    <ClCompile Include="Edit\ESceneWallmarkControls.cpp">
      <Filter>MAIN TOOLS\ETools\TOOLS\WALLMARK</Filter>
    </ClCompile>
    <ClCompile Include="Edit\ESceneWallmarkTools.cpp">
      <Filter>MAIN TOOLS\ETools\TOOLS\WALLMARK</Filter>
    </ClCompile>
    <ClCompile Include="Edit\ESceneWayToolsIO.cpp">
      <Filter>MAIN TOOLS\ETools\TOOLS\WAY</Filter>
    </ClCompile>
    <ClCompile Include="Edit\ESceneWayControls.cpp">
      <Filter>MAIN TOOLS\ETools\TOOLS\WAY</Filter>
    </ClCompile>
    <ClCompile Include="Edit\ESceneWayTools.cpp">
      <Filter>MAIN TOOLS\ETools\TOOLS\WAY</Filter>
    </ClCompile>
    <ClCompile Include="Edit\ESceneObjectControls.cpp">
      <Filter>MAIN TOOLS\ETools\BASE_CLASS</Filter>
    </ClCompile>
    <ClCompile Include="Edit\ESceneObjectTools.cpp">
      <Filter>MAIN TOOLS\ETools\BASE_CLASS</Filter>
    </ClCompile>
    <ClCompile Include="Edit\ESceneObjectToolsExportBreakable.cpp">
      <Filter>MAIN TOOLS\ETools\BASE_CLASS</Filter>
    </ClCompile>
    <ClCompile Include="Edit\ESceneObjectToolsIO.cpp">
      <Filter>MAIN TOOLS\ETools\BASE_CLASS</Filter>
    </ClCompile>
    <ClCompile Include="Edit\ESceneDummyTools.cpp">
      <Filter>MAIN TOOLS\ETools\BASE_CLASS</Filter>
    </ClCompile>
    <ClCompile Include="Edit\ESceneFogVolumeTools.cpp">
      <Filter>MAIN TOOLS\ETools\TOOLS\FOG</Filter>
    </ClCompile>
    <ClCompile Include="Edit\ESceneLightToolsIO.cpp">
      <Filter>MAIN TOOLS\ETools\TOOLS\LIGHT</Filter>
    </ClCompile>
    <ClCompile Include="Edit\WayPoint.cpp">
      <Filter>MAIN TOOLS\ETools\TOOLS\WAY</Filter>
    </ClCompile>
    <ClCompile Include="Edit\portalutils.cpp">
      <Filter>MAIN TOOLS\ETools\TOOLS\PORTALS_SECTORS</Filter>
    </ClCompile>
    <ClCompile Include="Edit\portal.cpp">
      <Filter>MAIN TOOLS\ETools\TOOLS\PORTALS_SECTORS</Filter>
    </ClCompile>
    <ClCompile Include="Edit\sector.cpp">
      <Filter>MAIN TOOLS\ETools\TOOLS\PORTALS_SECTORS</Filter>
    </ClCompile>
    <ClCompile Include="Edit\GroupObjectUtils.cpp">
      <Filter>MAIN TOOLS\ETools\TOOLS\GROUP</Filter>
    </ClCompile>
    <ClCompile Include="Edit\GroupObject.cpp">
      <Filter>MAIN TOOLS\ETools\TOOLS\GROUP</Filter>
    </ClCompile>
    <ClCompile Include="Edit\EShape.cpp">
      <Filter>MAIN TOOLS\ETools\TOOLS\SPAWN</Filter>
    </ClCompile>
    <ClCompile Include="Edit\ESound_Environment.cpp">
      <Filter>MAIN TOOLS\ETools\TOOLS\SOUND</Filter>
    </ClCompile>
    <ClCompile Include="Edit\ESound_Source.cpp">
      <Filter>MAIN TOOLS\ETools\TOOLS\SOUND</Filter>
    </ClCompile>
    <ClCompile Include="Edit\glow.cpp">
      <Filter>MAIN TOOLS\ETools\TOOLS\LIGHT\Elight</Filter>
    </ClCompile>
    <ClCompile Include="Edit\EParticlesObject.cpp">
      <Filter>MAIN TOOLS\ETools\TOOLS\PS\object</Filter>
    </ClCompile>
    <ClCompile Include="Edit\SceneObjectIO.cpp">
      <Filter>MAIN TOOLS\ETools\Objects</Filter>
    </ClCompile>
    <ClCompile Include="Edit\SceneObject.cpp">
      <Filter>MAIN TOOLS\ETools\Objects</Filter>
    </ClCompile>
    <ClCompile Include="Edit\UI_LevelMain.cpp">
      <Filter>UI\LEVEL_MAIN</Filter>
    </ClCompile>
    <ClCompile Include="Edit\UI_LevelTools.cpp">
      <Filter>UI\LEVEL_MAIN</Filter>
    </ClCompile>
    <ClCompile Include="UI\UIObjectList.cpp">
      <Filter>UI\UI_TOOLS_SE7</Filter>
    </ClCompile>
    <ClCompile Include="Edit\FS2.cpp">
      <Filter>MAIN TOOLS\STUFF</Filter>
    </ClCompile>
    <ClCompile Include="Edit\GeometryPartExtractor.cpp">
      <Filter>MAIN TOOLS\STUFF</Filter>
    </ClCompile>
    <ClCompile Include="Edit\LevelPreferences.cpp">
      <Filter>MAIN TOOLS\Pref</Filter>
    </ClCompile>
    <ClCompile Include="Edit\scene.cpp">
      <Filter>MAIN TOOLS\Scene</Filter>
    </ClCompile>
    <ClCompile Include="Edit\SceneIO.cpp">
      <Filter>MAIN TOOLS\Scene</Filter>
    </ClCompile>
    <ClCompile Include="Edit\ScenePick.cpp">
      <Filter>MAIN TOOLS\Scene</Filter>
    </ClCompile>
    <ClCompile Include="Edit\SceneRender.cpp">
      <Filter>MAIN TOOLS\Scene</Filter>
    </ClCompile>
    <ClCompile Include="Edit\SceneSelection.cpp">
      <Filter>MAIN TOOLS\Scene</Filter>
    </ClCompile>
    <ClCompile Include="Edit\SceneSnap.cpp">
      <Filter>MAIN TOOLS\Scene</Filter>
    </ClCompile>
    <ClCompile Include="Edit\SceneSummaryInfo.cpp">
      <Filter>MAIN TOOLS\Scene</Filter>
    </ClCompile>
    <ClCompile Include="Edit\SceneUtil.cpp">
      <Filter>MAIN TOOLS\Scene</Filter>
    </ClCompile>
    <ClCompile Include="Edit\SceneUndo.cpp">
      <Filter>MAIN TOOLS\Scene</Filter>
    </ClCompile>
    <ClCompile Include="Edit\SpawnPoint.cpp">
      <Filter>MAIN TOOLS\ETools\TOOLS\SPAWN\Objects</Filter>
    </ClCompile>
    <ClCompile Include="Edit\Scene_Tools.cpp">
      <Filter>MAIN TOOLS\ETools</Filter>
    </ClCompile>
    <ClCompile Include="UI_TexturesReplacerSOC.cpp">
      <Filter>UI\Menus</Filter>
    </ClCompile>
    <ClCompile Include="UIObjectList_FunctionsExport.cpp">
      <Filter>UI\UI_TOOLS_SE7\Functions_Write By se7kills</Filter>
    </ClCompile>
    <ClCompile Include="UIObjectList_FunctionsImport.cpp">
      <Filter>UI\UI_TOOLS_SE7\Functions_Write By se7kills</Filter>
    </ClCompile>
    <ClCompile Include="UIObjectList_FunctionsSpawn.cpp">
      <Filter>UI\UI_TOOLS_SE7\Functions_Write By se7kills</Filter>
    </ClCompile>
    <ClCompile Include="UIObjectList_FunctionsAImap.cpp">
      <Filter>UI\UI_TOOLS_SE7\Functions_Write By se7kills</Filter>
    </ClCompile>
    <ClCompile Include="UIObjectLIST_FunctionsStatic.cpp">
      <Filter>UI\UI_TOOLS_SE7\Functions_Write By se7kills</Filter>
    </ClCompile>
    <ClCompile Include="UIObjectList_Renamer.cpp">
      <Filter>UI\UI_TOOLS_SE7\Functions_Write By se7kills</Filter>
    </ClCompile>
    <ClCompile Include="UI\Tools\UIWayTool.cpp">
      <Filter>MAIN TOOLS\ETools\TOOLS\WAY</Filter>
    </ClCompile>
    <ClCompile Include="jsonxx\jsonxx.cc">
      <Filter>jsoncpp</Filter>
    </ClCompile>
  </ItemGroup>
  <ItemGroup>
    <ClInclude Include="Edit\SoundManager_LE.h">
      <Filter>MAIN TOOLS</Filter>
    </ClInclude>
    <ClInclude Include="LEPhysics.h" />
    <ClInclude Include="mesh_data.h" />
    <ClInclude Include="stdafx.h" />
    <ClInclude Include="UI\UIMainMenuForm.h">
      <Filter>UI</Filter>
    </ClInclude>
    <ClInclude Include="UI\UITopBarForm.h">
      <Filter>UI</Filter>
    </ClInclude>
    <ClInclude Include="UI\UITopBarForm_ButtonList.h">
      <Filter>UI</Filter>
    </ClInclude>
    <ClInclude Include="UI\UILeftBarForm.h">
      <Filter>UI</Filter>
    </ClInclude>
    <ClInclude Include="UI\UIMainForm.h">
      <Filter>UI</Filter>
    </ClInclude>
    <ClInclude Include="iniStreamImpl.h" />
    <ClInclude Include="..\..\XrRender\Private\DetailManager.h">
      <Filter>Render</Filter>
    </ClInclude>
    <ClInclude Include="UI\Tools\UILightTool.h">
      <Filter>UI\Tools</Filter>
    </ClInclude>
    <ClInclude Include="UI\UILPropertiesFrom.h">
      <Filter>UI</Filter>
    </ClInclude>
    <ClInclude Include="UI\Tools\UIObjectTool.h">
      <Filter>UI\Tools</Filter>
    </ClInclude>
    <ClInclude Include="UI\Tools\UIToolCustom.h">
      <Filter>UI\Tools</Filter>
    </ClInclude>
    <ClInclude Include="UI\UIPropertiesModal.h">
      <Filter>UI</Filter>
    </ClInclude>
    <ClInclude Include="UI\Tools\UISpawnTool.h">
      <Filter>UI\Tools</Filter>
    </ClInclude>
    <ClInclude Include="UI\Tools\UIShapeTool.h">
      <Filter>UI\Tools</Filter>
    </ClInclude>
    <ClInclude Include="UI\Tools\UIPortalTool.h">
      <Filter>UI\Tools</Filter>
    </ClInclude>
    <ClInclude Include="UI\Tools\UISectorTool.h">
      <Filter>UI\Tools</Filter>
    </ClInclude>
    <ClInclude Include="UI\Tools\UIAIMapTool.h">
      <Filter>UI\Tools</Filter>
    </ClInclude>
    <ClInclude Include="UI\Tools\UIParticlesTool.h">
      <Filter>UI\Tools</Filter>
    </ClInclude>
    <ClInclude Include="UI\Tools\UIGroupTool.h">
      <Filter>UI\Tools</Filter>
    </ClInclude>
    <ClInclude Include="UI\Tools\UIDOTool.h">
      <Filter>UI\Tools</Filter>
    </ClInclude>
    <ClInclude Include="UI\Tools\UIFogVolTool.h">
      <Filter>UI\Tools</Filter>
    </ClInclude>
    <ClInclude Include="UI\UIDOShuffle.h">
      <Filter>UI</Filter>
    </ClInclude>
    <ClInclude Include="UI\UIDOOneColor.h">
      <Filter>UI</Filter>
    </ClInclude>
    <ClInclude Include="UI_CompilerXR.h">
      <Filter>UI\Menus</Filter>
    </ClInclude>
    <ClInclude Include="UIDxtConverter.h">
      <Filter>UI\Menus</Filter>
    </ClInclude>
    <ClInclude Include="UI_TreesReplacer.h">
      <Filter>UI\Menus</Filter>
    </ClInclude>
    <ClInclude Include="Edit\Builder.h">
      <Filter>MAIN TOOLS\Builders</Filter>
    </ClInclude>
    <ClInclude Include="Edit\Cursor3D.h">
      <Filter>MAIN TOOLS\Controls</Filter>
    </ClInclude>
    <ClInclude Include="Edit\Custom2DProjector.h">
      <Filter>MAIN TOOLS\Controls</Filter>
    </ClInclude>
    <ClInclude Include="Edit\CustomObject.h">
      <Filter>MAIN TOOLS\ETools\Objects</Filter>
    </ClInclude>
    <ClInclude Include="Edit\ELight.h">
      <Filter>MAIN TOOLS\ETools\TOOLS\LIGHT\Elight</Filter>
    </ClInclude>
    <ClInclude Include="Edit\ELight_def.h">
      <Filter>MAIN TOOLS\ETools\TOOLS\LIGHT\Elight</Filter>
    </ClInclude>
    <ClInclude Include="Edit\ESceneAIMapControls.h">
      <Filter>MAIN TOOLS\ETools\TOOLS\AI</Filter>
    </ClInclude>
    <ClInclude Include="Edit\ESceneAIMapTools.h">
      <Filter>MAIN TOOLS\ETools\TOOLS\AI</Filter>
    </ClInclude>
    <ClInclude Include="Edit\ESceneAIMapTools_Export.h">
      <Filter>MAIN TOOLS\ETools\TOOLS\AI</Filter>
    </ClInclude>
    <ClInclude Include="Edit\ESceneCustomMTools.h">
      <Filter>MAIN TOOLS\ETools\TOOLS\CUSTOM</Filter>
    </ClInclude>
    <ClInclude Include="Edit\ESceneCustomOTools.h">
      <Filter>MAIN TOOLS\ETools\TOOLS\CUSTOM</Filter>
    </ClInclude>
    <ClInclude Include="Edit\ESceneDOTools.h">
      <Filter>MAIN TOOLS\ETools\TOOLS\DO</Filter>
    </ClInclude>
    <ClInclude Include="Edit\ESceneGroupControls.h">
      <Filter>MAIN TOOLS\ETools\TOOLS\GROUP</Filter>
    </ClInclude>
    <ClInclude Include="Edit\ESceneGroupTools.h">
      <Filter>MAIN TOOLS\ETools\TOOLS\GROUP</Filter>
    </ClInclude>
    <ClInclude Include="Edit\ESceneLightTools.h">
      <Filter>MAIN TOOLS\ETools\TOOLS\LIGHT</Filter>
    </ClInclude>
    <ClInclude Include="Edit\ESceneGlowTools.h">
      <Filter>MAIN TOOLS\ETools\TOOLS\LIGHT</Filter>
    </ClInclude>
    <ClInclude Include="Edit\ESceneSectorControls.h">
      <Filter>MAIN TOOLS\ETools\TOOLS\PORTALS_SECTORS</Filter>
    </ClInclude>
    <ClInclude Include="Edit\ESceneSectorTools.h">
      <Filter>MAIN TOOLS\ETools\TOOLS\PORTALS_SECTORS</Filter>
    </ClInclude>
    <ClInclude Include="Edit\EScenePortalControls.h">
      <Filter>MAIN TOOLS\ETools\TOOLS\PORTALS_SECTORS</Filter>
    </ClInclude>
    <ClInclude Include="Edit\EScenePortalTools.h">
      <Filter>MAIN TOOLS\ETools\TOOLS\PORTALS_SECTORS</Filter>
    </ClInclude>
    <ClInclude Include="Edit\ESceneShapeControls.h">
      <Filter>MAIN TOOLS\ETools\TOOLS\SPAWN</Filter>
    </ClInclude>
    <ClInclude Include="Edit\ESceneShapeTools.h">
      <Filter>MAIN TOOLS\ETools\TOOLS\SPAWN</Filter>
    </ClInclude>
    <ClInclude Include="Edit\EScenePSTools.h">
      <Filter>MAIN TOOLS\ETools\TOOLS\PS</Filter>
    </ClInclude>
    <ClInclude Include="Edit\EScenePSControls.h">
      <Filter>MAIN TOOLS\ETools\TOOLS\PS</Filter>
    </ClInclude>
    <ClInclude Include="Edit\ESceneSpawnTools.h">
      <Filter>MAIN TOOLS\ETools\TOOLS\SPAWN</Filter>
    </ClInclude>
    <ClInclude Include="Edit\ESceneSpawnControls.h">
      <Filter>MAIN TOOLS\ETools\TOOLS\SPAWN</Filter>
    </ClInclude>
    <ClInclude Include="Edit\ESceneControlsCustom.h">
      <Filter>MAIN TOOLS\ETools\TOOLS\CONTROLS</Filter>
    </ClInclude>
    <ClInclude Include="Edit\ESceneSoundEnvTools.h">
      <Filter>MAIN TOOLS\ETools\TOOLS\SOUND</Filter>
    </ClInclude>
    <ClInclude Include="Edit\ESceneSoundSrcTools.h">
      <Filter>MAIN TOOLS\ETools\TOOLS\SOUND</Filter>
    </ClInclude>
    <ClInclude Include="Edit\ESceneWallmarkControls.h">
      <Filter>MAIN TOOLS\ETools\TOOLS\WALLMARK</Filter>
    </ClInclude>
    <ClInclude Include="Edit\ESceneWallmarkTools.h">
      <Filter>MAIN TOOLS\ETools\TOOLS\WALLMARK</Filter>
    </ClInclude>
    <ClInclude Include="Edit\ESceneWayControls.h">
      <Filter>MAIN TOOLS\ETools\TOOLS\WAY</Filter>
    </ClInclude>
    <ClInclude Include="Edit\ESceneWayTools.h">
      <Filter>MAIN TOOLS\ETools\TOOLS\WAY</Filter>
    </ClInclude>
    <ClInclude Include="Edit\ESceneObjectControls.h">
      <Filter>MAIN TOOLS\ETools\BASE_CLASS</Filter>
    </ClInclude>
    <ClInclude Include="Edit\ESceneObjectTools.h">
      <Filter>MAIN TOOLS\ETools\BASE_CLASS</Filter>
    </ClInclude>
    <ClInclude Include="Edit\ESceneClassList.h">
      <Filter>MAIN TOOLS\ETools\BASE_CLASS</Filter>
    </ClInclude>
    <ClInclude Include="Edit\ESceneDummyTools.h">
      <Filter>MAIN TOOLS\ETools\BASE_CLASS</Filter>
    </ClInclude>
    <ClInclude Include="Edit\ESceneFogVolumeTools.h">
      <Filter>MAIN TOOLS\ETools\TOOLS\FOG</Filter>
    </ClInclude>
    <ClInclude Include="Edit\WayPoint.h">
      <Filter>MAIN TOOLS\ETools\TOOLS\WAY</Filter>
    </ClInclude>
    <ClInclude Include="Edit\portalutils.h">
      <Filter>MAIN TOOLS\ETools\TOOLS\PORTALS_SECTORS</Filter>
    </ClInclude>
    <ClInclude Include="Edit\portal.h">
      <Filter>MAIN TOOLS\ETools\TOOLS\PORTALS_SECTORS</Filter>
    </ClInclude>
    <ClInclude Include="Edit\sector.h">
      <Filter>MAIN TOOLS\ETools\TOOLS\PORTALS_SECTORS</Filter>
    </ClInclude>
    <ClInclude Include="Edit\GroupObject.h">
      <Filter>MAIN TOOLS\ETools\TOOLS\GROUP</Filter>
    </ClInclude>
    <ClInclude Include="Edit\EShape.h">
      <Filter>MAIN TOOLS\ETools\TOOLS\SPAWN</Filter>
    </ClInclude>
    <ClInclude Include="Edit\ESound_Environment.h">
      <Filter>MAIN TOOLS\ETools\TOOLS\SOUND</Filter>
    </ClInclude>
    <ClInclude Include="Edit\ESound_Source.h">
      <Filter>MAIN TOOLS\ETools\TOOLS\SOUND</Filter>
    </ClInclude>
    <ClInclude Include="Edit\glow.h">
      <Filter>MAIN TOOLS\ETools\TOOLS\LIGHT\Elight</Filter>
    </ClInclude>
    <ClInclude Include="Edit\EParticlesObject.h">
      <Filter>MAIN TOOLS\ETools\TOOLS\PS\object</Filter>
    </ClInclude>
    <ClInclude Include="Edit\SceneObject.h">
      <Filter>MAIN TOOLS\ETools\Objects</Filter>
    </ClInclude>
    <ClInclude Include="Edit\UI_LevelMain.h">
      <Filter>UI\LEVEL_MAIN</Filter>
    </ClInclude>
    <ClInclude Include="Edit\UI_LevelTools.h">
      <Filter>UI\LEVEL_MAIN</Filter>
    </ClInclude>
    <ClInclude Include="UI\UIObjectList.h">
      <Filter>UI\UI_TOOLS_SE7</Filter>
    </ClInclude>
    <ClInclude Include="Edit\FS2.h">
      <Filter>MAIN TOOLS\STUFF</Filter>
    </ClInclude>
    <ClInclude Include="Edit\GeometryPartExtractor.h">
      <Filter>MAIN TOOLS\STUFF</Filter>
    </ClInclude>
    <ClInclude Include="Edit\LevelPreferences.h">
      <Filter>MAIN TOOLS\Pref</Filter>
    </ClInclude>
    <ClInclude Include="Edit\lwchunks.h">
      <Filter>MAIN TOOLS\STUFF</Filter>
    </ClInclude>
    <ClInclude Include="Edit\scene.h">
      <Filter>MAIN TOOLS\Scene</Filter>
    </ClInclude>
    <ClInclude Include="Edit\SceneGraph.h">
      <Filter>MAIN TOOLS\Scene</Filter>
    </ClInclude>
    <ClInclude Include="Edit\SceneSummaryInfo.h">
      <Filter>MAIN TOOLS\Scene</Filter>
    </ClInclude>
    <ClInclude Include="Edit\SpawnPoint.h">
      <Filter>MAIN TOOLS\ETools\TOOLS\SPAWN\Objects</Filter>
    </ClInclude>
    <ClInclude Include="UI_TexturesReplacerSOC.h">
      <Filter>UI\Menus</Filter>
    </ClInclude>
    <ClInclude Include="UI\Tools\UIWayTool.h">
      <Filter>MAIN TOOLS\ETools\TOOLS\WAY</Filter>
    </ClInclude>
    <ClInclude Include="jsonxx\jsonxx.h">
      <Filter>jsoncpp</Filter>
    </ClInclude>
  </ItemGroup>
</Project>